
Microsoft Visual Studio Solution File, Format Version 12.00
# Visual Studio Version 17
VisualStudioVersion = 17.0.31903.59
MinimumVisualStudioVersion = 10.0.40219.1
Project("{FAE04EC0-301F-11D3-BF4B-00C04F79EFBC}") = "FullTextSearcher", "FullTextSearcher\FullTextSearcher.csproj", "{F2E5E71F-9EF7-408C-A168-484D570D5B7F}"
EndProject
Project("{FAE04EC0-301F-11D3-BF4B-00C04F79EFBC}") = "Tests", "Tests\Tests.csproj", "{24A2B437-DF47-42CC-AD21-761C7F10A2A0}"
EndProject
Global
	GlobalSection(SolutionConfigurationPlatforms) = preSolution
		Debug|Any CPU = Debug|Any CPU
		Release|Any CPU = Release|Any CPU
	EndGlobalSection
	GlobalSection(SolutionProperties) = preSolution
		HideSolutionNode = FALSE
	EndGlobalSection
	GlobalSection(ProjectConfigurationPlatforms) = postSolution
		{F2E5E71F-9EF7-408C-A168-484D570D5B7F}.Debug|Any CPU.ActiveCfg = Debug|Any CPU
		{F2E5E71F-9EF7-408C-A168-484D570D5B7F}.Debug|Any CPU.Build.0 = Debug|Any CPU
		{F2E5E71F-9EF7-408C-A168-484D570D5B7F}.Release|Any CPU.ActiveCfg = Release|Any CPU
		{F2E5E71F-9EF7-408C-A168-484D570D5B7F}.Release|Any CPU.Build.0 = Release|Any CPU
		{841C4D0D-C93C-460D-9939-A498588CADB3}.Debug|Any CPU.ActiveCfg = Debug|Any CPU
		{841C4D0D-C93C-460D-9939-A498588CADB3}.Debug|Any CPU.Build.0 = Debug|Any CPU
		{841C4D0D-C93C-460D-9939-A498588CADB3}.Release|Any CPU.ActiveCfg = Release|Any CPU
		{841C4D0D-C93C-460D-9939-A498588CADB3}.Release|Any CPU.Build.0 = Release|Any CPU
		{915B04A1-E597-4C15-B7F1-95CDD6F1F7EF}.Debug|Any CPU.ActiveCfg = Debug|Any CPU
		{915B04A1-E597-4C15-B7F1-95CDD6F1F7EF}.Debug|Any CPU.Build.0 = Debug|Any CPU
		{915B04A1-E597-4C15-B7F1-95CDD6F1F7EF}.Release|Any CPU.ActiveCfg = Release|Any CPU
		{915B04A1-E597-4C15-B7F1-95CDD6F1F7EF}.Release|Any CPU.Build.0 = Release|Any CPU
		{24A2B437-DF47-42CC-AD21-761C7F10A2A0}.Debug|Any CPU.ActiveCfg = Debug|Any CPU
		{24A2B437-DF47-42CC-AD21-761C7F10A2A0}.Debug|Any CPU.Build.0 = Debug|Any CPU
		{24A2B437-DF47-42CC-AD21-761C7F10A2A0}.Release|Any CPU.ActiveCfg = Release|Any CPU
		{24A2B437-DF47-42CC-AD21-761C7F10A2A0}.Release|Any CPU.Build.0 = Release|Any CPU
	EndGlobalSection
EndGlobal
